<?xml version="1.0" encoding="UTF-8" standalone="yes" ?>
<CodeBlocks_project_file>
	<FileVersion major="1" minor="6" />
	<Project>
		<Option title="Snake SFML" />
		<Option pch_mode="2" />
		<Option compiler="gcc" />
		<Build>
			<Target title="Debug">
				<Option output="bin/Debug/Snake SFML" prefix_auto="1" extension_auto="1" />
				<Option object_output="obj/Debug/" />
				<Option type="1" />
				<Option compiler="gcc" />
				<Compiler>
					<Add option="-g" />
					<Add directory="D:/SFML-2.2/include" />
				</Compiler>
				<Linker>
					<Add library="sfml-audio-d" />
					<Add library="sfml-graphics-d" />
					<Add library="sfml-window-d" />
					<Add library="sfml-system-d" />
					<Add directory="D:/SFML-2.2/lib" />
				</Linker>
			</Target>
			<Target title="Release">
				<Option output="bin/Release/Snake SFML" prefix_auto="1" extension_auto="1" />
				<Option object_output="obj/Release/" />
				<Option type="1" />
				<Option compiler="gcc" />
				<Compiler>
					<Add option="-O2" />
					<Add directory="D:/SFML-2.2/include" />
				</Compiler>
				<Linker>
					<Add option="-s" />
					<Add library="sfml-audio" />
					<Add library="sfml-graphics" />
					<Add library="sfml-window" />
					<Add library="sfml-system" />
					<Add directory="D:/SFML-2.2/lib" />
				</Linker>
			</Target>
		</Build>
		<Compiler>
			<Add option="-Wall" />
			<Add option="-fexceptions" />
			<Add directory="D:/SFML-2.2/include" />
		</Compiler>
		<Linker>
			<Add directory="D:/SFML-2.2/lib" />
		</Linker>
		<Unit filename="headers/apple.h" />
		<Unit filename="headers/game.h" />
		<Unit filename="headers/results.h" />
		<Unit filename="headers/snake.h" />
		<Unit filename="source/apple.cpp" />
		<Unit filename="source/game.cpp" />
		<Unit filename="source/main.cpp" />
		<Unit filename="source/results.cpp" />
		<Unit filename="source/snake.cpp" />
		<Extensions>
			<code_completion />
			<envvars />
			<debugger />
			<lib_finder disable_auto="1" />
		</Extensions>
	</Project>
</CodeBlocks_project_file>
